
Microsoft Visual Studio Solution File, Format Version 12.00
# Visual Studio Version 16
VisualStudioVersion = 16.0.31605.320
MinimumVisualStudioVersion = 10.0.40219.1
Project("{FAE04EC0-301F-11D3-BF4B-00C04F79EFBC}") = "QuaverAPI", "QuaverAPI\QuaverAPI.csproj", "{8659458C-F2F2-499C-A819-1503D0C34C79}"
EndProject
Global
	GlobalSection(SolutionConfigurationPlatforms) = preSolution
		Debug|Any CPU = Debug|Any CPU
		Release|Any CPU = Release|Any CPU
	EndGlobalSection
	GlobalSection(ProjectConfigurationPlatforms) = postSolution
		{8659458C-F2F2-499C-A819-1503D0C34C79}.Debug|Any CPU.ActiveCfg = Debug|Any CPU
		{8659458C-F2F2-499C-A819-1503D0C34C79}.Debug|Any CPU.Build.0 = Debug|Any CPU
		{8659458C-F2F2-499C-A819-1503D0C34C79}.Release|Any CPU.ActiveCfg = Release|Any CPU
		{8659458C-F2F2-499C-A819-1503D0C34C79}.Release|Any CPU.Build.0 = Release|Any CPU
	EndGlobalSection
	GlobalSection(SolutionProperties) = preSolution
		HideSolutionNode = FALSE
	EndGlobalSection
	GlobalSection(ExtensibilityGlobals) = postSolution
		SolutionGuid = {96F6E7D4-1BA8-48AC-A7F4-E409AD939D79}
	EndGlobalSection
EndGlobal
